
Microsoft Visual Studio Solution File, Format Version 12.00
# Visual Studio Version 17
VisualStudioVersion = 17.8.34004.107
MinimumVisualStudioVersion = 10.0.40219.1
Project("{9A19103F-16F7-4668-BE54-9A1E7A4F7556}") = "ChatWYData.DataEntities", "ChatWYData.DataEntities\ChatWYData.DataEntities.csproj", "{E42C986A-98CA-4FBC-9F9F-88F8C7CB1603}"
EndProject
Project("{2150E333-8FDC-42A3-9474-1A3956D46DE8}") = "6 Models", "6 Models", "{49AED1F4-8906-4AEC-B795-9F424886F802}"
EndProject
Project("{FAE04EC0-301F-11D3-BF4B-00C04F79EFBC}") = "ChatWYData.ServiceDefaults", "ChatWYData.ServiceDefaults\ChatWYData.ServiceDefaults.csproj", "{559D8A21-7CD5-4626-8C35-FD8BE60E9E39}"
EndProject
Project("{FAE04EC0-301F-11D3-BF4B-00C04F79EFBC}") = "ChatWYData.AppHost", "ChatWYData.AppHost\ChatWYData.AppHost.csproj", "{76E2A7E9-B2EB-47DC-9F0C-096C848ED693}"
EndProject
Project("{2150E333-8FDC-42A3-9474-1A3956D46DE8}") = "1 Aspire", "1 Aspire", "{02EA681E-C7D8-13C7-8484-4AC65E1B71E8}"
EndProject
Project("{2150E333-8FDC-42A3-9474-1A3956D46DE8}") = "3 MicroServices", "3 MicroServices", "{BBB277E9-B789-440E-88FF-FB9C7E04D82A}"
EndProject
Project("{FAE04EC0-301F-11D3-BF4B-00C04F79EFBC}") = "ChatWYData.DocumentsApi", "ChatWYData.DocumentsApi\ChatWYData.DocumentsApi.csproj", "{3A188838-FB40-46DD-9C36-434F40C9B78F}"
EndProject
Project("{FAE04EC0-301F-11D3-BF4B-00C04F79EFBC}") = "ChatWYData.FileEntities", "ChatWYData.FileEntities\ChatWYData.FileEntities.csproj", "{7D230C05-D4E5-447B-9D04-5DE8C2120F5A}"
EndProject
Project("{FAE04EC0-301F-11D3-BF4B-00C04F79EFBC}") = "ChatWYData.MarkdownApi", "ChatWYData.MarkDownApi\ChatWYData.MarkdownApi.csproj", "{C3A55CA0-87DC-441A-BC11-63BCF9AFF6F1}"
EndProject
Project("{2150E333-8FDC-42A3-9474-1A3956D46DE8}") = "2 UI", "2 UI", "{EA0E8B9A-8AF3-41ED-BF23-63B3181989BE}"
EndProject
Project("{FAE04EC0-301F-11D3-BF4B-00C04F79EFBC}") = "ChatWYData.VectorStoreAzureAISearch", "ChatWYData.VectorStoreAzureAISearch\ChatWYData.VectorStoreAzureAISearch.csproj", "{0AEB5952-63BE-2BA0-0C1E-FBC19910AE1C}"
EndProject
Project("{FAE04EC0-301F-11D3-BF4B-00C04F79EFBC}") = "ChatWYData.VectorEntities", "ChatWYData.VectorEntities\ChatWYData.VectorEntities.csproj", "{F5BAD7B4-1171-467F-BE2E-8A650AD2682B}"
EndProject
Project("{FAE04EC0-301F-11D3-BF4B-00C04F79EFBC}") = "ChatWYData.SearchEntities", "ChatWYData.SearchEntities\ChatWYData.SearchEntities.csproj", "{7B1DF64A-3FE2-4213-A05B-554DB92D2AFE}"
EndProject
Project("{FAE04EC0-301F-11D3-BF4B-00C04F79EFBC}") = "ChatWYData.ChatApp", "ChatWYData.ChatApp\ChatWYData.ChatApp.csproj", "{5F008ED6-840A-12DF-9CFF-1C97D7C5532C}"
EndProject
Project("{FAE04EC0-301F-11D3-BF4B-00C04F79EFBC}") = "ChatWYData.DocsMngr", "ChatWYData.DocsMngr\ChatWYData.DocsMngr.csproj", "{F8E9F480-EA73-4B28-B21D-6548A1644306}"
EndProject
Project("{2150E333-8FDC-42A3-9474-1A3956D46DE8}") = "5 Services", "5 Services", "{A70FC959-E1E1-4C40-BFA6-ED78514A2E77}"
EndProject
Project("{FAE04EC0-301F-11D3-BF4B-00C04F79EFBC}") = "ChatWYData.ApiServices", "ChatWYData.ApiServices\ChatWYData.ApiServices.csproj", "{B1633867-41A6-4BC2-A8A2-93045B8275B6}"
EndProject
Project("{FAE04EC0-301F-11D3-BF4B-00C04F79EFBC}") = "ChatWYData.MarkDown.MarkitdownBashApi", "ChatWYData.MarkDown.MarkitdownBashApi\ChatWYData.MarkDown.MarkitdownBashApi.csproj", "{2E4ECC75-573D-E667-2935-C8BFF51C909C}"
EndProject
Project("{FAE04EC0-301F-11D3-BF4B-00C04F79EFBC}") = "ChatWYData.MarkDown.MarkitdownCSnakes", "ChatWYData.MarkDown.MarkitdownCSnakes\ChatWYData.MarkDown.MarkitdownCSnakes.csproj", "{E241D82D-2FAB-9A94-5AD7-F930E35AF752}"
EndProject
Project("{2150E333-8FDC-42A3-9474-1A3956D46DE8}") = "4 Workers", "4 Workers", "{D87D2949-E989-4BEE-9D53-0FCB26D77C64}"
EndProject
Project("{FAE04EC0-301F-11D3-BF4B-00C04F79EFBC}") = "ChatWYData.Workers.DocProcessor", "ChatWYData.Workers.DocProcessor\ChatWYData.Workers.DocProcessor.csproj", "{EB151C82-765B-406D-B9C9-E0887DF49C7F}"
EndProject
Project("{FAE04EC0-301F-11D3-BF4B-00C04F79EFBC}") = "ChatWYData.DescriptionApi", "ChatWYData.DescriptionApi\ChatWYData.DescriptionApi.csproj", "{B00FF7AB-78D2-48B3-BB65-4B1CD0E1099D}"
EndProject
Global
	GlobalSection(SolutionConfigurationPlatforms) = preSolution
		Debug|Any CPU = Debug|Any CPU
		Release|Any CPU = Release|Any CPU
	EndGlobalSection
	GlobalSection(ProjectConfigurationPlatforms) = postSolution
		{E42C986A-98CA-4FBC-9F9F-88F8C7CB1603}.Debug|Any CPU.ActiveCfg = Debug|Any CPU
		{E42C986A-98CA-4FBC-9F9F-88F8C7CB1603}.Debug|Any CPU.Build.0 = Debug|Any CPU
		{E42C986A-98CA-4FBC-9F9F-88F8C7CB1603}.Release|Any CPU.ActiveCfg = Release|Any CPU
		{E42C986A-98CA-4FBC-9F9F-88F8C7CB1603}.Release|Any CPU.Build.0 = Release|Any CPU
		{559D8A21-7CD5-4626-8C35-FD8BE60E9E39}.Debug|Any CPU.ActiveCfg = Debug|Any CPU
		{559D8A21-7CD5-4626-8C35-FD8BE60E9E39}.Debug|Any CPU.Build.0 = Debug|Any CPU
		{559D8A21-7CD5-4626-8C35-FD8BE60E9E39}.Release|Any CPU.ActiveCfg = Release|Any CPU
		{559D8A21-7CD5-4626-8C35-FD8BE60E9E39}.Release|Any CPU.Build.0 = Release|Any CPU
		{76E2A7E9-B2EB-47DC-9F0C-096C848ED693}.Debug|Any CPU.ActiveCfg = Debug|Any CPU
		{76E2A7E9-B2EB-47DC-9F0C-096C848ED693}.Debug|Any CPU.Build.0 = Debug|Any CPU
		{76E2A7E9-B2EB-47DC-9F0C-096C848ED693}.Release|Any CPU.ActiveCfg = Release|Any CPU
		{76E2A7E9-B2EB-47DC-9F0C-096C848ED693}.Release|Any CPU.Build.0 = Release|Any CPU
		{3A188838-FB40-46DD-9C36-434F40C9B78F}.Debug|Any CPU.ActiveCfg = Debug|Any CPU
		{3A188838-FB40-46DD-9C36-434F40C9B78F}.Debug|Any CPU.Build.0 = Debug|Any CPU
		{3A188838-FB40-46DD-9C36-434F40C9B78F}.Release|Any CPU.ActiveCfg = Release|Any CPU
		{3A188838-FB40-46DD-9C36-434F40C9B78F}.Release|Any CPU.Build.0 = Release|Any CPU
		{7D230C05-D4E5-447B-9D04-5DE8C2120F5A}.Debug|Any CPU.ActiveCfg = Debug|Any CPU
		{7D230C05-D4E5-447B-9D04-5DE8C2120F5A}.Debug|Any CPU.Build.0 = Debug|Any CPU
		{7D230C05-D4E5-447B-9D04-5DE8C2120F5A}.Release|Any CPU.ActiveCfg = Release|Any CPU
		{7D230C05-D4E5-447B-9D04-5DE8C2120F5A}.Release|Any CPU.Build.0 = Release|Any CPU
		{C3A55CA0-87DC-441A-BC11-63BCF9AFF6F1}.Debug|Any CPU.ActiveCfg = Debug|Any CPU
		{C3A55CA0-87DC-441A-BC11-63BCF9AFF6F1}.Debug|Any CPU.Build.0 = Debug|Any CPU
		{C3A55CA0-87DC-441A-BC11-63BCF9AFF6F1}.Release|Any CPU.ActiveCfg = Release|Any CPU
		{C3A55CA0-87DC-441A-BC11-63BCF9AFF6F1}.Release|Any CPU.Build.0 = Release|Any CPU
		{0AEB5952-63BE-2BA0-0C1E-FBC19910AE1C}.Debug|Any CPU.ActiveCfg = Debug|Any CPU
		{0AEB5952-63BE-2BA0-0C1E-FBC19910AE1C}.Debug|Any CPU.Build.0 = Debug|Any CPU
		{0AEB5952-63BE-2BA0-0C1E-FBC19910AE1C}.Release|Any CPU.ActiveCfg = Release|Any CPU
		{0AEB5952-63BE-2BA0-0C1E-FBC19910AE1C}.Release|Any CPU.Build.0 = Release|Any CPU
		{F5BAD7B4-1171-467F-BE2E-8A650AD2682B}.Debug|Any CPU.ActiveCfg = Debug|Any CPU
		{F5BAD7B4-1171-467F-BE2E-8A650AD2682B}.Debug|Any CPU.Build.0 = Debug|Any CPU
		{F5BAD7B4-1171-467F-BE2E-8A650AD2682B}.Release|Any CPU.ActiveCfg = Release|Any CPU
		{F5BAD7B4-1171-467F-BE2E-8A650AD2682B}.Release|Any CPU.Build.0 = Release|Any CPU
		{7B1DF64A-3FE2-4213-A05B-554DB92D2AFE}.Debug|Any CPU.ActiveCfg = Debug|Any CPU
		{7B1DF64A-3FE2-4213-A05B-554DB92D2AFE}.Debug|Any CPU.Build.0 = Debug|Any CPU
		{7B1DF64A-3FE2-4213-A05B-554DB92D2AFE}.Release|Any CPU.ActiveCfg = Release|Any CPU
		{7B1DF64A-3FE2-4213-A05B-554DB92D2AFE}.Release|Any CPU.Build.0 = Release|Any CPU
		{5F008ED6-840A-12DF-9CFF-1C97D7C5532C}.Debug|Any CPU.ActiveCfg = Debug|Any CPU
		{5F008ED6-840A-12DF-9CFF-1C97D7C5532C}.Debug|Any CPU.Build.0 = Debug|Any CPU
		{5F008ED6-840A-12DF-9CFF-1C97D7C5532C}.Release|Any CPU.ActiveCfg = Release|Any CPU
		{5F008ED6-840A-12DF-9CFF-1C97D7C5532C}.Release|Any CPU.Build.0 = Release|Any CPU
		{F8E9F480-EA73-4B28-B21D-6548A1644306}.Debug|Any CPU.ActiveCfg = Debug|Any CPU
		{F8E9F480-EA73-4B28-B21D-6548A1644306}.Debug|Any CPU.Build.0 = Debug|Any CPU
		{F8E9F480-EA73-4B28-B21D-6548A1644306}.Release|Any CPU.ActiveCfg = Release|Any CPU
		{F8E9F480-EA73-4B28-B21D-6548A1644306}.Release|Any CPU.Build.0 = Release|Any CPU
		{B1633867-41A6-4BC2-A8A2-93045B8275B6}.Debug|Any CPU.ActiveCfg = Debug|Any CPU
		{B1633867-41A6-4BC2-A8A2-93045B8275B6}.Debug|Any CPU.Build.0 = Debug|Any CPU
		{B1633867-41A6-4BC2-A8A2-93045B8275B6}.Release|Any CPU.ActiveCfg = Release|Any CPU
		{B1633867-41A6-4BC2-A8A2-93045B8275B6}.Release|Any CPU.Build.0 = Release|Any CPU
		{2E4ECC75-573D-E667-2935-C8BFF51C909C}.Debug|Any CPU.ActiveCfg = Debug|Any CPU
		{2E4ECC75-573D-E667-2935-C8BFF51C909C}.Debug|Any CPU.Build.0 = Debug|Any CPU
		{2E4ECC75-573D-E667-2935-C8BFF51C909C}.Release|Any CPU.ActiveCfg = Release|Any CPU
		{2E4ECC75-573D-E667-2935-C8BFF51C909C}.Release|Any CPU.Build.0 = Release|Any CPU
		{E241D82D-2FAB-9A94-5AD7-F930E35AF752}.Debug|Any CPU.ActiveCfg = Debug|Any CPU
		{E241D82D-2FAB-9A94-5AD7-F930E35AF752}.Debug|Any CPU.Build.0 = Debug|Any CPU
		{E241D82D-2FAB-9A94-5AD7-F930E35AF752}.Release|Any CPU.ActiveCfg = Release|Any CPU
		{E241D82D-2FAB-9A94-5AD7-F930E35AF752}.Release|Any CPU.Build.0 = Release|Any CPU
		{EB151C82-765B-406D-B9C9-E0887DF49C7F}.Debug|Any CPU.ActiveCfg = Debug|Any CPU
		{EB151C82-765B-406D-B9C9-E0887DF49C7F}.Debug|Any CPU.Build.0 = Debug|Any CPU
		{EB151C82-765B-406D-B9C9-E0887DF49C7F}.Release|Any CPU.ActiveCfg = Release|Any CPU
		{EB151C82-765B-406D-B9C9-E0887DF49C7F}.Release|Any CPU.Build.0 = Release|Any CPU
		{B00FF7AB-78D2-48B3-BB65-4B1CD0E1099D}.Debug|Any CPU.ActiveCfg = Debug|Any CPU
		{B00FF7AB-78D2-48B3-BB65-4B1CD0E1099D}.Debug|Any CPU.Build.0 = Debug|Any CPU
		{B00FF7AB-78D2-48B3-BB65-4B1CD0E1099D}.Release|Any CPU.ActiveCfg = Release|Any CPU
		{B00FF7AB-78D2-48B3-BB65-4B1CD0E1099D}.Release|Any CPU.Build.0 = Release|Any CPU
	EndGlobalSection
	GlobalSection(SolutionProperties) = preSolution
		HideSolutionNode = FALSE
	EndGlobalSection
	GlobalSection(NestedProjects) = preSolution
		{E42C986A-98CA-4FBC-9F9F-88F8C7CB1603} = {49AED1F4-8906-4AEC-B795-9F424886F802}
		{559D8A21-7CD5-4626-8C35-FD8BE60E9E39} = {02EA681E-C7D8-13C7-8484-4AC65E1B71E8}
		{76E2A7E9-B2EB-47DC-9F0C-096C848ED693} = {02EA681E-C7D8-13C7-8484-4AC65E1B71E8}
		{3A188838-FB40-46DD-9C36-434F40C9B78F} = {BBB277E9-B789-440E-88FF-FB9C7E04D82A}
		{7D230C05-D4E5-447B-9D04-5DE8C2120F5A} = {49AED1F4-8906-4AEC-B795-9F424886F802}
		{C3A55CA0-87DC-441A-BC11-63BCF9AFF6F1} = {BBB277E9-B789-440E-88FF-FB9C7E04D82A}
		{0AEB5952-63BE-2BA0-0C1E-FBC19910AE1C} = {BBB277E9-B789-440E-88FF-FB9C7E04D82A}
		{F5BAD7B4-1171-467F-BE2E-8A650AD2682B} = {49AED1F4-8906-4AEC-B795-9F424886F802}
		{7B1DF64A-3FE2-4213-A05B-554DB92D2AFE} = {49AED1F4-8906-4AEC-B795-9F424886F802}
		{5F008ED6-840A-12DF-9CFF-1C97D7C5532C} = {EA0E8B9A-8AF3-41ED-BF23-63B3181989BE}
		{F8E9F480-EA73-4B28-B21D-6548A1644306} = {EA0E8B9A-8AF3-41ED-BF23-63B3181989BE}
		{B1633867-41A6-4BC2-A8A2-93045B8275B6} = {A70FC959-E1E1-4C40-BFA6-ED78514A2E77}
		{2E4ECC75-573D-E667-2935-C8BFF51C909C} = {BBB277E9-B789-440E-88FF-FB9C7E04D82A}
		{E241D82D-2FAB-9A94-5AD7-F930E35AF752} = {BBB277E9-B789-440E-88FF-FB9C7E04D82A}
		{EB151C82-765B-406D-B9C9-E0887DF49C7F} = {D87D2949-E989-4BEE-9D53-0FCB26D77C64}
		{B00FF7AB-78D2-48B3-BB65-4B1CD0E1099D} = {BBB277E9-B789-440E-88FF-FB9C7E04D82A}
	EndGlobalSection
	GlobalSection(ExtensibilityGlobals) = postSolution
		SolutionGuid = {F9C7AE25-263B-4A02-9BC0-632370BB1004}
		FileExplorer = ..\
	EndGlobalSection
EndGlobal
